
Microsoft Visual Studio Solution File, Format Version 12.00
# Visual Studio Version 16
VisualStudioVersion = 16.0.30804.86
MinimumVisualStudioVersion = 10.0.40219.1
Project("{FAE04EC0-301F-11D3-BF4B-00C04F79EFBC}") = "ClassMetotDemo", "ClassMetotDemo\ClassMetotDemo.csproj", "{2757D339-40AA-400E-973E-A6A0A85E935B}"
EndProject
Global
	GlobalSection(SolutionConfigurationPlatforms) = preSolution
		Debug|Any CPU = Debug|Any CPU
		Release|Any CPU = Release|Any CPU
	EndGlobalSection
	GlobalSection(ProjectConfigurationPlatforms) = postSolution
		{2757D339-40AA-400E-973E-A6A0A85E935B}.Debug|Any CPU.ActiveCfg = Debug|Any CPU
		{2757D339-40AA-400E-973E-A6A0A85E935B}.Debug|Any CPU.Build.0 = Debug|Any CPU
		{2757D339-40AA-400E-973E-A6A0A85E935B}.Release|Any CPU.ActiveCfg = Release|Any CPU
		{2757D339-40AA-400E-973E-A6A0A85E935B}.Release|Any CPU.Build.0 = Release|Any CPU
	EndGlobalSection
	GlobalSection(SolutionProperties) = preSolution
		HideSolutionNode = FALSE
	EndGlobalSection
	GlobalSection(ExtensibilityGlobals) = postSolution
		SolutionGuid = {92382186-44AC-4E80-B076-4326FC35E0E3}
	EndGlobalSection
EndGlobal
